// !$*UTF8*$!
{
	archiveVersion = 1;
	classes = {
	};
	objectVersion = 46;
	objects = {

/* Begin PBXBuildFile section */
		55A8010019442DED00103321 /* AppDelegate.swift in Sources */ = {isa = PBXBuildFile; fileRef = 55A800FF19442DED00103321 /* AppDelegate.swift */; };
		55A8010219442DED00103321 /* Images.xcassets in Resources */ = {isa = PBXBuildFile; fileRef = 55A8010119442DED00103321 /* Images.xcassets */; };
		55A8010E19442DED00103321 /* ChecklistTutorialTests.swift in Sources */ = {isa = PBXBuildFile; fileRef = 55A8010D19442DED00103321 /* ChecklistTutorialTests.swift */; };
		55A8011819442E1900103321 /* ViewController.swift in Sources */ = {isa = PBXBuildFile; fileRef = 55A8011719442E1900103321 /* ViewController.swift */; };
		55A8011A1944447300103321 /* MyTableViewCell.swift in Sources */ = {isa = PBXBuildFile; fileRef = 55A801191944447300103321 /* MyTableViewCell.swift */; };
/* End PBXBuildFile section */

/* Begin PBXContainerItemProxy section */
		55A8010819442DED00103321 /* PBXContainerItemProxy */ = {
			isa = PBXContainerItemProxy;
			containerPortal = 55A800F219442DED00103321 /* Project object */;
			proxyType = 1;
			remoteGlobalIDString = 55A800F919442DED00103321;
			remoteInfo = ChecklistTutorial;
		};
/* End PBXContainerItemProxy section */

/* Begin PBXFileReference section */
		55A800FA19442DED00103321 /* ChecklistTutorial.app */ = {isa = PBXFileReference; explicitFileType = wrapper.application; includeInIndex = 0; path = ChecklistTutorial.app; sourceTree = BUILT_PRODUCTS_DIR; };
		55A800FE19442DED00103321 /* Info.plist */ = {isa = PBXFileReference; lastKnownFileType = text.plist.xml; path = Info.plist; sourceTree = "<group>"; };
		55A800FF19442DED00103321 /* AppDelegate.swift */ = {isa = PBXFileReference; lastKnownFileType = sourcecode.swift; path = AppDelegate.swift; sourceTree = "<group>"; };
		55A8010119442DED00103321 /* Images.xcassets */ = {isa = PBXFileReference; lastKnownFileType = folder.assetcatalog; path = Images.xcassets; sourceTree = "<group>"; };
		55A8010719442DED00103321 /* ChecklistTutorialTests.xctest */ = {isa = PBXFileReference; explicitFileType = wrapper.cfbundle; includeInIndex = 0; path = ChecklistTutorialTests.xctest; sourceTree = BUILT_PRODUCTS_DIR; };
		55A8010C19442DED00103321 /* Info.plist */ = {isa = PBXFileReference; lastKnownFileType = text.plist.xml; path = Info.plist; sourceTree = "<group>"; };
		55A8010D19442DED00103321 /* ChecklistTutorialTests.swift */ = {isa = PBXFileReference; lastKnownFileType = sourcecode.swift; path = ChecklistTutorialTests.swift; sourceTree = "<group>"; };
		55A8011719442E1900103321 /* ViewController.swift */ = {isa = PBXFileReference; fileEncoding = 4; lastKnownFileType = sourcecode.swift; path = ViewController.swift; sourceTree = "<group>"; };
		55A801191944447300103321 /* MyTableViewCell.swift */ = {isa = PBXFileReference; fileEncoding = 4; lastKnownFileType = sourcecode.swift; path = MyTableViewCell.swift; sourceTree = "<group>"; };
/* End PBXFileReference section */

/* Begin PBXFrameworksBuildPhase section */
		55A800F719442DED00103321 /* Frameworks */ = {
			isa = PBXFrameworksBuildPhase;
			buildActionMask = 2147483647;
			files = (
			);
			runOnlyForDeploymentPostprocessing = 0;
		};
		55A8010419442DED00103321 /* Frameworks */ = {
			isa = PBXFrameworksBuildPhase;
			buildActionMask = 2147483647;
			files = (
			);
			runOnlyForDeploymentPostprocessing = 0;
		};
/* End PBXFrameworksBuildPhase section */

/* Begin PBXGroup section */
		55A800F119442DED00103321 = {
			isa = PBXGroup;
			children = (
				55A800FC19442DED00103321 /* ChecklistTutorial */,
				55A8010A19442DED00103321 /* ChecklistTutorialTests */,
				55A800FB19442DED00103321 /* Products */,
			);
			sourceTree = "<group>";
		};
		55A800FB19442DED00103321 /* Products */ = {
			isa = PBXGroup;
			children = (
				55A800FA19442DED00103321 /* ChecklistTutorial.app */,
				55A8010719442DED00103321 /* ChecklistTutorialTests.xctest */,
			);
			name = Products;
			sourceTree = "<group>";
		};
		55A800FC19442DED00103321 /* ChecklistTutorial */ = {
			isa = PBXGroup;
			children = (
				55A800FF19442DED00103321 /* AppDelegate.swift */,
				55A8010119442DED00103321 /* Images.xcassets */,
				55A800FD19442DED00103321 /* Supporting Files */,
				55A8011719442E1900103321 /* ViewController.swift */,
				55A801191944447300103321 /* MyTableViewCell.swift */,
			);
			path = ChecklistTutorial;
			sourceTree = "<group>";
		};
		55A800FD19442DED00103321 /* Supporting Files */ = {
			isa = PBXGroup;
			children = (
				55A800FE19442DED00103321 /* Info.plist */,
			);
			name = "Supporting Files";
			sourceTree = "<group>";
		};
		55A8010A19442DED00103321 /* ChecklistTutorialTests */ = {
			isa = PBXGroup;
			children = (
				55A8010D19442DED00103321 /* ChecklistTutorialTests.swift */,
				55A8010B19442DED00103321 /* Supporting Files */,
			);
			path = ChecklistTutorialTests;
			sourceTree = "<group>";
		};
		55A8010B19442DED00103321 /* Supporting Files */ = {
			isa = PBXGroup;
			children = (
				55A8010C19442DED00103321 /* Info.plist */,
			);
			name = "Supporting Files";
			sourceTree = "<group>";
		};
/* End PBXGroup section */

/* Begin PBXNativeTarget section */
		55A800F919442DED00103321 /* ChecklistTutorial */ = {
			isa = PBXNativeTarget;
			buildConfigurationList = 55A8011119442DED00103321 /* Build configuration list for PBXNativeTarget "ChecklistTutorial" */;
			buildPhases = (
				55A800F619442DED00103321 /* Sources */,
				55A800F719442DED00103321 /* Frameworks */,
				55A800F819442DED00103321 /* Resources */,
			);
			buildRules = (
			);
			dependencies = (
			);
			name = ChecklistTutorial;
			productName = ChecklistTutorial;
			productReference = 55A800FA19442DED00103321 /* ChecklistTutorial.app */;
			productType = "com.apple.product-type.application";
		};
		55A8010619442DED00103321 /* ChecklistTutorialTests */ = {
			isa = PBXNativeTarget;
			buildConfigurationList = 55A8011419442DED00103321 /* Build configuration list for PBXNativeTarget "ChecklistTutorialTests" */;
			buildPhases = (
				55A8010319442DED00103321 /* Sources */,
				55A8010419442DED00103321 /* Frameworks */,
				55A8010519442DED00103321 /* Resources */,
			);
			buildRules = (
			);
			dependencies = (
				55A8010919442DED00103321 /* PBXTargetDependency */,
			);
			name = ChecklistTutorialTests;
			productName = ChecklistTutorialTests;
			productReference = 55A8010719442DED00103321 /* ChecklistTutorialTests.xctest */;
			productType = "com.apple.product-type.bundle.unit-test";
		};
/* End PBXNativeTarget section */

/* Begin PBXProject section */
		55A800F219442DED00103321 /* Project object */ = {
			isa = PBXProject;
			attributes = {
				LastUpgradeCheck = 0600;
				ORGANIZATIONNAME = "Eric Pan";
				TargetAttributes = {
					55A800F919442DED00103321 = {
						CreatedOnToolsVersion = 6.0;
					};
					55A8010619442DED00103321 = {
						CreatedOnToolsVersion = 6.0;
						TestTargetID = 55A800F919442DED00103321;
					};
				};
			};
			buildConfigurationList = 55A800F519442DED00103321 /* Build configuration list for PBXProject "ChecklistTutorial" */;
			compatibilityVersion = "Xcode 3.2";
			developmentRegion = English;
			hasScannedForEncodings = 0;
			knownRegions = (
				en,
			);
			mainGroup = 55A800F119442DED00103321;
			productRefGroup = 55A800FB19442DED00103321 /* Products */;
			projectDirPath = "";
			projectRoot = "";
			targets = (
				55A800F919442DED00103321 /* ChecklistTutorial */,
				55A8010619442DED00103321 /* ChecklistTutorialTests */,
			);
		};
/* End PBXProject section */

/* Begin PBXResourcesBuildPhase section */
		55A800F819442DED00103321 /* Resources */ = {
			isa = PBXResourcesBuildPhase;
			buildActionMask = 2147483647;
			files = (
				55A8010219442DED00103321 /* Images.xcassets in Resources */,
			);
			runOnlyForDeploymentPostprocessing = 0;
		};
		55A8010519442DED00103321 /* Resources */ = {
			isa = PBXResourcesBuildPhase;
			buildActionMask = 2147483647;
			files = (
			);
			runOnlyForDeploymentPostprocessing = 0;
		};
/* End PBXResourcesBuildPhase section */

/* Begin PBXSourcesBuildPhase section */
		55A800F619442DED00103321 /* Sources */ = {
			isa = PBXSourcesBuildPhase;
			buildActionMask = 2147483647;
			files = (
				55A8011819442E1900103321 /* ViewController.swift in Sources */,
				55A8010019442DED00103321 /* AppDelegate.swift in Sources */,
				55A8011A1944447300103321 /* MyTableViewCell.swift in Sources */,
			);
			runOnlyForDeploymentPostprocessing = 0;
		};
		55A8010319442DED00103321 /* Sources */ = {
			isa = PBXSourcesBuildPhase;
			buildActionMask = 2147483647;
			files = (
				55A8010E19442DED00103321 /* ChecklistTutorialTests.swift in Sources */,
			);
			runOnlyForDeploymentPostprocessing = 0;
		};
/* End PBXSourcesBuildPhase section */

/* Begin PBXTargetDependency section */
		55A8010919442DED00103321 /* PBXTargetDependency */ = {
			isa = PBXTargetDependency;
			target = 55A800F919442DED00103321 /* ChecklistTutorial */;
			targetProxy = 55A8010819442DED00103321 /* PBXContainerItemProxy */;
		};
/* End PBXTargetDependency section */

/* Begin XCBuildConfiguration section */
		55A8010F19442DED00103321 /* Debug */ = {
			isa = XCBuildConfiguration;
			buildSettings = {
				ALWAYS_SEARCH_USER_PATHS = NO;
				CLANG_CXX_LANGUAGE_STANDARD = "gnu++0x";
				CLANG_CXX_LIBRARY = "libc++";
				CLANG_ENABLE_MODULES = YES;
				CLANG_ENABLE_OBJC_ARC = YES;
				CLANG_WARN_BOOL_CONVERSION = YES;
				CLANG_WARN_CONSTANT_CONVERSION = YES;
				CLANG_WARN_DIRECT_OBJC_ISA_USAGE = YES_ERROR;
				CLANG_WARN_EMPTY_BODY = YES;
				CLANG_WARN_ENUM_CONVERSION = YES;
				CLANG_WARN_INT_CONVERSION = YES;
				CLANG_WARN_OBJC_ROOT_CLASS = YES_ERROR;
				CLANG_WARN_UNREACHABLE_CODE = YES;
				CLANG_WARN__DUPLICATE_METHOD_MATCH = YES;
				"CODE_SIGN_IDENTITY[sdk=iphoneos*]" = "iPhone Developer";
				COPY_PHASE_STRIP = NO;
				ENABLE_STRICT_OBJC_MSGSEND = YES;
				GCC_C_LANGUAGE_STANDARD = gnu99;
				GCC_DYNAMIC_NO_PIC = NO;
				GCC_OPTIMIZATION_LEVEL = 0;
				GCC_PREPROCESSOR_DEFINITIONS = (
					"DEBUG=1",
					"$(inherited)",
				);
				GCC_SYMBOLS_PRIVATE_EXTERN = NO;
				GCC_WARN_64_TO_32_BIT_CONVERSION = YES;
				GCC_WARN_ABOUT_RETURN_TYPE = YES_ERROR;
				GCC_WARN_UNDECLARED_SELECTOR = YES;
				GCC_WARN_UNINITIALIZED_AUTOS = YES_AGGRESSIVE;
				GCC_WARN_UNUSED_FUNCTION = YES;
				GCC_WARN_UNUSED_VARIABLE = YES;
				IPHONEOS_DEPLOYMENT_TARGET = 8.0;
				METAL_ENABLE_DEBUG_INFO = YES;
				ONLY_ACTIVE_ARCH = YES;
				SDKROOT = iphoneos;
				SWIFT_OPTIMIZATION_LEVEL = "-Onone";
			};
			name = Debug;
		};
		55A8011019442DED00103321 /* Release */ = {
			isa = XCBuildConfiguration;
			buildSettings = {
				ALWAYS_SEARCH_USER_PATHS = NO;
				CLANG_CXX_LANGUAGE_STANDARD = "gnu++0x";
				CLANG_CXX_LIBRARY = "libc++";
				CLANG_ENABLE_MODULES = YES;
				CLANG_ENABLE_OBJC_ARC = YES;
				CLANG_WARN_BOOL_CONVERSION = YES;
				CLANG_WARN_CONSTANT_CONVERSION = YES;
				CLANG_WARN_DIRECT_OBJC_ISA_USAGE = YES_ERROR;
				CLANG_WARN_EMPTY_BODY = YES;
				CLANG_WARN_ENUM_CONVERSION = YES;
				CLANG_WARN_INT_CONVERSION = YES;
				CLANG_WARN_OBJC_ROOT_CLASS = YES_ERROR;
				CLANG_WARN_UNREACHABLE_CODE = YES;
				CLANG_WARN__DUPLICATE_METHOD_MATCH = YES;
				"CODE_SIGN_IDENTITY[sdk=iphoneos*]" = "iPhone Developer";
				COPY_PHASE_STRIP = YES;
				ENABLE_NS_ASSERTIONS = NO;
				ENABLE_STRICT_OBJC_MSGSEND = YES;
				GCC_C_LANGUAGE_STANDARD = gnu99;
				GCC_WARN_64_TO_32_BIT_CONVERSION = YES;
				GCC_WARN_ABOUT_RETURN_TYPE = YES_ERROR;
				GCC_WARN_UNDECLARED_SELECTOR = YES;
				GCC_WARN_UNINITIALIZED_AUTOS = YES_AGGRESSIVE;
				GCC_WARN_UNUSED_FUNCTION = YES;
				GCC_WARN_UNUSED_VARIABLE = YES;
				IPHONEOS_DEPLOYMENT_TARGET = 8.0;
				METAL_ENABLE_DEBUG_INFO = NO;
				SDKROOT = iphoneos;
				VALIDATE_PRODUCT = YES;
			};
			name = Release;
		};
		55A8011219442DED00103321 /* Debug */ = {
			isa = XCBuildConfiguration;
			buildSettings = {
				ASSETCATALOG_COMPILER_APPICON_NAME = AppIcon;
				ASSETCATALOG_COMPILER_LAUNCHIMAGE_NAME = LaunchImage;
				INFOPLIST_FILE = ChecklistTutorial/Info.plist;
				LD_RUNPATH_SEARCH_PATHS = "$(inherited) @executable_path/Frameworks";
				PRODUCT_NAME = "$(TARGET_NAME)";
			};
			name = Debug;
		};
		55A8011319442DED00103321 /* Release */ = {
			isa = XCBuildConfiguration;
			buildSettings = {
				ASSETCATALOG_COMPILER_APPICON_NAME = AppIcon;
				ASSETCATALOG_COMPILER_LAUNCHIMAGE_NAME = LaunchImage;
				INFOPLIST_FILE = ChecklistTutorial/Info.plist;
				LD_RUNPATH_SEARCH_PATHS = "$(inherited) @executable_path/Frameworks";
				PRODUCT_NAME = "$(TARGET_NAME)";
			};
			name = Release;
		};
		55A8011519442DED00103321 /* Debug */ = {
			isa = XCBuildConfiguration;
			buildSettings = {
				BUNDLE_LOADER = "$(BUILT_PRODUCTS_DIR)/ChecklistTutorial.app/ChecklistTutorial";
				FRAMEWORK_SEARCH_PATHS = (
					"$(SDKROOT)/Developer/Library/Frameworks",
					"$(inherited)",
				);
				GCC_PREPROCESSOR_DEFINITIONS = (
					"DEBUG=1",
					"$(inherited)",
				);
				INFOPLIST_FILE = ChecklistTutorialTests/Info.plist;
				LD_RUNPATH_SEARCH_PATHS = "$(inherited) @executable_path/Frameworks @loader_path/Frameworks";
				METAL_ENABLE_DEBUG_INFO = YES;
				PRODUCT_NAME = "$(TARGET_NAME)";
				TEST_HOST = "$(BUNDLE_LOADER)";
			};
			name = Debug;
		};
		55A8011619442DED00103321 /* Release */ = {
			isa = XCBuildConfiguration;
			buildSettings = {
				BUNDLE_LOADER = "$(BUILT_PRODUCTS_DIR)/ChecklistTutorial.app/ChecklistTutorial";
				FRAMEWORK_SEARCH_PATHS = (
					"$(SDKROOT)/Developer/Library/Frameworks",
					"$(inherited)",
				);
				INFOPLIST_FILE = ChecklistTutorialTests/Info.plist;
				LD_RUNPATH_SEARCH_PATHS = "$(inherited) @executable_path/Frameworks @loader_path/Frameworks";
				METAL_ENABLE_DEBUG_INFO = NO;
				PRODUCT_NAME = "$(TARGET_NAME)";
				TEST_HOST = "$(BUNDLE_LOADER)";
			};
			name = Release;
		};
/* End XCBuildConfiguration section */

/* Begin XCConfigurationList section */
		55A800F519442DED00103321 /* Build configuration list for PBXProject "ChecklistTutorial" */ = {
			isa = XCConfigurationList;
			buildConfigurations = (
				55A8010F19442DED00103321 /* Debug */,
				55A8011019442DED00103321 /* Release */,
			);
			defaultConfigurationIsVisible = 0;
			defaultConfigurationName = Release;
		};
		55A8011119442DED00103321 /* Build configuration list for PBXNativeTarget "ChecklistTutorial" */ = {
			isa = XCConfigurationList;
			buildConfigurations = (
				55A8011219442DED00103321 /* Debug */,
				55A8011319442DED00103321 /* Release */,
			);
			defaultConfigurationIsVisible = 0;
		};
		55A8011419442DED00103321 /* Build configuration list for PBXNativeTarget "ChecklistTutorialTests" */ = {
			isa = XCConfigurationList;
			buildConfigurations = (
				55A8011519442DED00103321 /* Debug */,
				55A8011619442DED00103321 /* Release */,
			);
			defaultConfigurationIsVisible = 0;
		};
/* End XCConfigurationList section */
	};
	rootObject = 55A800F219442DED00103321 /* Project object */;
}
